
Microsoft Visual Studio Solution File, Format Version 12.00
# Visual Studio Version 17
VisualStudioVersion = 17.3.32929.385
MinimumVisualStudioVersion = 15.0.26124.0
Project("{9A19103F-16F7-4668-BE54-9A1E7A4F7556}") = "zzio", "zzio\zzio.csproj", "{EBF46C5F-10DF-4520-A60B-DAD8583A4185}"
EndProject
Project("{9A19103F-16F7-4668-BE54-9A1E7A4F7556}") = "zzio_cli", "zzio_cli\zzio_cli.csproj", "{4B96DAA7-5577-4706-826D-652CC6D151CF}"
EndProject
Project("{9A19103F-16F7-4668-BE54-9A1E7A4F7556}") = "zzio.tests", "zzio.tests\zzio.tests.csproj", "{29A2E64F-8041-4D0E-B1BF-5E1A9BA17351}"
EndProject
Project("{9A19103F-16F7-4668-BE54-9A1E7A4F7556}") = "zzio_dbsqlite", "zzio_dbsqlite\zzio_dbsqlite.csproj", "{EB62CEEA-164C-4BC8-8CF9-87828B5E4C58}"
EndProject
Project("{9A19103F-16F7-4668-BE54-9A1E7A4F7556}") = "zzsc", "zzsc\zzsc.csproj", "{DB4D2E5B-1E6E-4AAC-A1C2-1D97CFA09D9B}"
EndProject
Project("{9A19103F-16F7-4668-BE54-9A1E7A4F7556}") = "zzre", "zzre\zzre.csproj", "{B1A31FB7-7537-4407-8810-5FFB712FD87B}"
EndProject
Project("{9A19103F-16F7-4668-BE54-9A1E7A4F7556}") = "zzre.core", "zzre.core\zzre.core.csproj", "{CA61C447-0011-4FE7-A358-48EFF2709E68}"
EndProject
Project("{9A19103F-16F7-4668-BE54-9A1E7A4F7556}") = "zzre.core.tests", "zzre.core.tests\zzre.core.tests.csproj", "{489E0003-E309-477B-B112-4ADDCDA99B2A}"
EndProject
Project("{2150E333-8FDC-42A3-9474-1A3956D46DE8}") = "tests", "tests", "{734E1888-6627-4A7F-8921-F7462F9CF686}"
EndProject
Project("{2150E333-8FDC-42A3-9474-1A3956D46DE8}") = "cli", "cli", "{78DA8A29-9D93-4F5F-9420-47959E92360A}"
EndProject
Project("{2150E333-8FDC-42A3-9474-1A3956D46DE8}") = "zzre", "zzre", "{1A98F664-A66E-44DF-8E3C-0618671E4AFC}"
EndProject
Project("{2150E333-8FDC-42A3-9474-1A3956D46DE8}") = "0Common", "0Common", "{FB326360-207F-4978-A266-D19BDB444B50}"
	ProjectSection(SolutionItems) = preProject
		.editorconfig = .editorconfig
		CodeQuality.props = CodeQuality.props
		NoCodeQuality.props = NoCodeQuality.props
	EndProjectSection
EndProject
Global
	GlobalSection(SolutionConfigurationPlatforms) = preSolution
		Debug|Any CPU = Debug|Any CPU
		Debug|x64 = Debug|x64
		Debug|x86 = Debug|x86
		Release|Any CPU = Release|Any CPU
		Release|x64 = Release|x64
		Release|x86 = Release|x86
	EndGlobalSection
	GlobalSection(ProjectConfigurationPlatforms) = postSolution
		{EBF46C5F-10DF-4520-A60B-DAD8583A4185}.Debug|Any CPU.ActiveCfg = Debug|Any CPU
		{EBF46C5F-10DF-4520-A60B-DAD8583A4185}.Debug|Any CPU.Build.0 = Debug|Any CPU
		{EBF46C5F-10DF-4520-A60B-DAD8583A4185}.Debug|x64.ActiveCfg = Debug|Any CPU
		{EBF46C5F-10DF-4520-A60B-DAD8583A4185}.Debug|x64.Build.0 = Debug|Any CPU
		{EBF46C5F-10DF-4520-A60B-DAD8583A4185}.Debug|x86.ActiveCfg = Debug|Any CPU
		{EBF46C5F-10DF-4520-A60B-DAD8583A4185}.Debug|x86.Build.0 = Debug|Any CPU
		{EBF46C5F-10DF-4520-A60B-DAD8583A4185}.Release|Any CPU.ActiveCfg = Release|Any CPU
		{EBF46C5F-10DF-4520-A60B-DAD8583A4185}.Release|Any CPU.Build.0 = Release|Any CPU
		{EBF46C5F-10DF-4520-A60B-DAD8583A4185}.Release|x64.ActiveCfg = Release|Any CPU
		{EBF46C5F-10DF-4520-A60B-DAD8583A4185}.Release|x64.Build.0 = Release|Any CPU
		{EBF46C5F-10DF-4520-A60B-DAD8583A4185}.Release|x86.ActiveCfg = Release|Any CPU
		{EBF46C5F-10DF-4520-A60B-DAD8583A4185}.Release|x86.Build.0 = Release|Any CPU
		{4B96DAA7-5577-4706-826D-652CC6D151CF}.Debug|Any CPU.ActiveCfg = Debug|Any CPU
		{4B96DAA7-5577-4706-826D-652CC6D151CF}.Debug|Any CPU.Build.0 = Debug|Any CPU
		{4B96DAA7-5577-4706-826D-652CC6D151CF}.Debug|x64.ActiveCfg = Debug|Any CPU
		{4B96DAA7-5577-4706-826D-652CC6D151CF}.Debug|x64.Build.0 = Debug|Any CPU
		{4B96DAA7-5577-4706-826D-652CC6D151CF}.Debug|x86.ActiveCfg = Debug|Any CPU
		{4B96DAA7-5577-4706-826D-652CC6D151CF}.Debug|x86.Build.0 = Debug|Any CPU
		{4B96DAA7-5577-4706-826D-652CC6D151CF}.Release|Any CPU.ActiveCfg = Release|Any CPU
		{4B96DAA7-5577-4706-826D-652CC6D151CF}.Release|Any CPU.Build.0 = Release|Any CPU
		{4B96DAA7-5577-4706-826D-652CC6D151CF}.Release|x64.ActiveCfg = Release|Any CPU
		{4B96DAA7-5577-4706-826D-652CC6D151CF}.Release|x64.Build.0 = Release|Any CPU
		{4B96DAA7-5577-4706-826D-652CC6D151CF}.Release|x86.ActiveCfg = Release|Any CPU
		{4B96DAA7-5577-4706-826D-652CC6D151CF}.Release|x86.Build.0 = Release|Any CPU
		{29A2E64F-8041-4D0E-B1BF-5E1A9BA17351}.Debug|Any CPU.ActiveCfg = Debug|Any CPU
		{29A2E64F-8041-4D0E-B1BF-5E1A9BA17351}.Debug|Any CPU.Build.0 = Debug|Any CPU
		{29A2E64F-8041-4D0E-B1BF-5E1A9BA17351}.Debug|x64.ActiveCfg = Debug|Any CPU
		{29A2E64F-8041-4D0E-B1BF-5E1A9BA17351}.Debug|x64.Build.0 = Debug|Any CPU
		{29A2E64F-8041-4D0E-B1BF-5E1A9BA17351}.Debug|x86.ActiveCfg = Debug|Any CPU
		{29A2E64F-8041-4D0E-B1BF-5E1A9BA17351}.Debug|x86.Build.0 = Debug|Any CPU
		{29A2E64F-8041-4D0E-B1BF-5E1A9BA17351}.Release|Any CPU.ActiveCfg = Release|Any CPU
		{29A2E64F-8041-4D0E-B1BF-5E1A9BA17351}.Release|Any CPU.Build.0 = Release|Any CPU
		{29A2E64F-8041-4D0E-B1BF-5E1A9BA17351}.Release|x64.ActiveCfg = Release|Any CPU
		{29A2E64F-8041-4D0E-B1BF-5E1A9BA17351}.Release|x64.Build.0 = Release|Any CPU
		{29A2E64F-8041-4D0E-B1BF-5E1A9BA17351}.Release|x86.ActiveCfg = Release|Any CPU
		{29A2E64F-8041-4D0E-B1BF-5E1A9BA17351}.Release|x86.Build.0 = Release|Any CPU
		{EB62CEEA-164C-4BC8-8CF9-87828B5E4C58}.Debug|Any CPU.ActiveCfg = Debug|Any CPU
		{EB62CEEA-164C-4BC8-8CF9-87828B5E4C58}.Debug|Any CPU.Build.0 = Debug|Any CPU
		{EB62CEEA-164C-4BC8-8CF9-87828B5E4C58}.Debug|x64.ActiveCfg = Debug|Any CPU
		{EB62CEEA-164C-4BC8-8CF9-87828B5E4C58}.Debug|x64.Build.0 = Debug|Any CPU
		{EB62CEEA-164C-4BC8-8CF9-87828B5E4C58}.Debug|x86.ActiveCfg = Debug|Any CPU
		{EB62CEEA-164C-4BC8-8CF9-87828B5E4C58}.Debug|x86.Build.0 = Debug|Any CPU
		{EB62CEEA-164C-4BC8-8CF9-87828B5E4C58}.Release|Any CPU.ActiveCfg = Release|Any CPU
		{EB62CEEA-164C-4BC8-8CF9-87828B5E4C58}.Release|Any CPU.Build.0 = Release|Any CPU
		{EB62CEEA-164C-4BC8-8CF9-87828B5E4C58}.Release|x64.ActiveCfg = Release|Any CPU
		{EB62CEEA-164C-4BC8-8CF9-87828B5E4C58}.Release|x64.Build.0 = Release|Any CPU
		{EB62CEEA-164C-4BC8-8CF9-87828B5E4C58}.Release|x86.ActiveCfg = Release|Any CPU
		{EB62CEEA-164C-4BC8-8CF9-87828B5E4C58}.Release|x86.Build.0 = Release|Any CPU
		{DB4D2E5B-1E6E-4AAC-A1C2-1D97CFA09D9B}.Debug|Any CPU.ActiveCfg = Debug|Any CPU
		{DB4D2E5B-1E6E-4AAC-A1C2-1D97CFA09D9B}.Debug|Any CPU.Build.0 = Debug|Any CPU
		{DB4D2E5B-1E6E-4AAC-A1C2-1D97CFA09D9B}.Debug|x64.ActiveCfg = Debug|Any CPU
		{DB4D2E5B-1E6E-4AAC-A1C2-1D97CFA09D9B}.Debug|x64.Build.0 = Debug|Any CPU
		{DB4D2E5B-1E6E-4AAC-A1C2-1D97CFA09D9B}.Debug|x86.ActiveCfg = Debug|Any CPU
		{DB4D2E5B-1E6E-4AAC-A1C2-1D97CFA09D9B}.Debug|x86.Build.0 = Debug|Any CPU
		{DB4D2E5B-1E6E-4AAC-A1C2-1D97CFA09D9B}.Release|Any CPU.ActiveCfg = Release|Any CPU
		{DB4D2E5B-1E6E-4AAC-A1C2-1D97CFA09D9B}.Release|Any CPU.Build.0 = Release|Any CPU
		{DB4D2E5B-1E6E-4AAC-A1C2-1D97CFA09D9B}.Release|x64.ActiveCfg = Release|Any CPU
		{DB4D2E5B-1E6E-4AAC-A1C2-1D97CFA09D9B}.Release|x64.Build.0 = Release|Any CPU
		{DB4D2E5B-1E6E-4AAC-A1C2-1D97CFA09D9B}.Release|x86.ActiveCfg = Release|Any CPU
		{DB4D2E5B-1E6E-4AAC-A1C2-1D97CFA09D9B}.Release|x86.Build.0 = Release|Any CPU
		{B1A31FB7-7537-4407-8810-5FFB712FD87B}.Debug|Any CPU.ActiveCfg = Debug|Any CPU
		{B1A31FB7-7537-4407-8810-5FFB712FD87B}.Debug|Any CPU.Build.0 = Debug|Any CPU
		{B1A31FB7-7537-4407-8810-5FFB712FD87B}.Debug|x64.ActiveCfg = Debug|Any CPU
		{B1A31FB7-7537-4407-8810-5FFB712FD87B}.Debug|x64.Build.0 = Debug|Any CPU
		{B1A31FB7-7537-4407-8810-5FFB712FD87B}.Debug|x86.ActiveCfg = Debug|Any CPU
		{B1A31FB7-7537-4407-8810-5FFB712FD87B}.Debug|x86.Build.0 = Debug|Any CPU
		{B1A31FB7-7537-4407-8810-5FFB712FD87B}.Release|Any CPU.ActiveCfg = Release|Any CPU
		{B1A31FB7-7537-4407-8810-5FFB712FD87B}.Release|Any CPU.Build.0 = Release|Any CPU
		{B1A31FB7-7537-4407-8810-5FFB712FD87B}.Release|x64.ActiveCfg = Release|Any CPU
		{B1A31FB7-7537-4407-8810-5FFB712FD87B}.Release|x64.Build.0 = Release|Any CPU
		{B1A31FB7-7537-4407-8810-5FFB712FD87B}.Release|x86.ActiveCfg = Release|Any CPU
		{B1A31FB7-7537-4407-8810-5FFB712FD87B}.Release|x86.Build.0 = Release|Any CPU
		{CA61C447-0011-4FE7-A358-48EFF2709E68}.Debug|Any CPU.ActiveCfg = Debug|Any CPU
		{CA61C447-0011-4FE7-A358-48EFF2709E68}.Debug|Any CPU.Build.0 = Debug|Any CPU
		{CA61C447-0011-4FE7-A358-48EFF2709E68}.Debug|x64.ActiveCfg = Debug|Any CPU
		{CA61C447-0011-4FE7-A358-48EFF2709E68}.Debug|x64.Build.0 = Debug|Any CPU
		{CA61C447-0011-4FE7-A358-48EFF2709E68}.Debug|x86.ActiveCfg = Debug|Any CPU
		{CA61C447-0011-4FE7-A358-48EFF2709E68}.Debug|x86.Build.0 = Debug|Any CPU
		{CA61C447-0011-4FE7-A358-48EFF2709E68}.Release|Any CPU.ActiveCfg = Release|Any CPU
		{CA61C447-0011-4FE7-A358-48EFF2709E68}.Release|Any CPU.Build.0 = Release|Any CPU
		{CA61C447-0011-4FE7-A358-48EFF2709E68}.Release|x64.ActiveCfg = Release|Any CPU
		{CA61C447-0011-4FE7-A358-48EFF2709E68}.Release|x64.Build.0 = Release|Any CPU
		{CA61C447-0011-4FE7-A358-48EFF2709E68}.Release|x86.ActiveCfg = Release|Any CPU
		{CA61C447-0011-4FE7-A358-48EFF2709E68}.Release|x86.Build.0 = Release|Any CPU
		{489E0003-E309-477B-B112-4ADDCDA99B2A}.Debug|Any CPU.ActiveCfg = Debug|Any CPU
		{489E0003-E309-477B-B112-4ADDCDA99B2A}.Debug|Any CPU.Build.0 = Debug|Any CPU
		{489E0003-E309-477B-B112-4ADDCDA99B2A}.Debug|x64.ActiveCfg = Debug|Any CPU
		{489E0003-E309-477B-B112-4ADDCDA99B2A}.Debug|x64.Build.0 = Debug|Any CPU
		{489E0003-E309-477B-B112-4ADDCDA99B2A}.Debug|x86.ActiveCfg = Debug|Any CPU
		{489E0003-E309-477B-B112-4ADDCDA99B2A}.Debug|x86.Build.0 = Debug|Any CPU
		{489E0003-E309-477B-B112-4ADDCDA99B2A}.Release|Any CPU.ActiveCfg = Release|Any CPU
		{489E0003-E309-477B-B112-4ADDCDA99B2A}.Release|Any CPU.Build.0 = Release|Any CPU
		{489E0003-E309-477B-B112-4ADDCDA99B2A}.Release|x64.ActiveCfg = Release|Any CPU
		{489E0003-E309-477B-B112-4ADDCDA99B2A}.Release|x64.Build.0 = Release|Any CPU
		{489E0003-E309-477B-B112-4ADDCDA99B2A}.Release|x86.ActiveCfg = Release|Any CPU
		{489E0003-E309-477B-B112-4ADDCDA99B2A}.Release|x86.Build.0 = Release|Any CPU
	EndGlobalSection
	GlobalSection(SolutionProperties) = preSolution
		HideSolutionNode = FALSE
	EndGlobalSection
	GlobalSection(NestedProjects) = preSolution
		{4B96DAA7-5577-4706-826D-652CC6D151CF} = {78DA8A29-9D93-4F5F-9420-47959E92360A}
		{29A2E64F-8041-4D0E-B1BF-5E1A9BA17351} = {734E1888-6627-4A7F-8921-F7462F9CF686}
		{EB62CEEA-164C-4BC8-8CF9-87828B5E4C58} = {78DA8A29-9D93-4F5F-9420-47959E92360A}
		{DB4D2E5B-1E6E-4AAC-A1C2-1D97CFA09D9B} = {78DA8A29-9D93-4F5F-9420-47959E92360A}
		{B1A31FB7-7537-4407-8810-5FFB712FD87B} = {1A98F664-A66E-44DF-8E3C-0618671E4AFC}
		{CA61C447-0011-4FE7-A358-48EFF2709E68} = {1A98F664-A66E-44DF-8E3C-0618671E4AFC}
		{489E0003-E309-477B-B112-4ADDCDA99B2A} = {734E1888-6627-4A7F-8921-F7462F9CF686}
	EndGlobalSection
	GlobalSection(ExtensibilityGlobals) = postSolution
		SolutionGuid = {75ADED88-97F2-4C91-99A2-BAD3A3B78D7F}
	EndGlobalSection
EndGlobal
